{
  "name": "gold-lang",
  "version": "0.0.4",
  "lockfileVersion": 2,
  "requires": true,
  "packages": {
    "": {
      "name": "gold-lang",
      "version": "0.0.4",
      "dependencies": {
        "@types/vscode": "^1.75.1"
      },
      "engines": {
        "vscode": "^1.54.0"
      }
    },
    "node_modules/@types/vscode": {
      "version": "1.75.1",
      "resolved": "https://registry.npmjs.org/@types/vscode/-/vscode-1.75.1.tgz",
      "integrity": "sha512-emg7wdsTFzdi+elvoyoA+Q8keEautdQHyY5LNmHVM4PTpY8JgOTVADrGVyXGepJ6dVW2OS5/xnLUWh+nZxvdiA=="
    }
  },
  "dependencies": {
    "@types/vscode": {
      "version": "1.75.1",
      "resolved": "https://registry.npmjs.org/@types/vscode/-/vscode-1.75.1.tgz",
      "integrity": "sha512-emg7wdsTFzdi+elvoyoA+Q8keEautdQHyY5LNmHVM4PTpY8JgOTVADrGVyXGepJ6dVW2OS5/xnLUWh+nZxvdiA=="
    }
  }
}
